// !$*UTF8*$!
{
	archiveVersion = 1;
	classes = {
	};
	objectVersion = 77;
	objects = {

/* Begin PBXBuildFile section */
		9C4D1E682EA625B1000744ED /* Localization in Frameworks */ = {isa = PBXBuildFile; productRef = 9C4D1E672EA625B1000744ED /* Localization */; };
		9C5D3D172EB8A28200E55E2E /* FormKit in Frameworks */ = {isa = PBXBuildFile; productRef = 9C5D3D162EB8A28200E55E2E /* FormKit */; };
		9C5FAFFE2EB160AD00815332 /* CarbItemsSPM in Frameworks */ = {isa = PBXBuildFile; productRef = 9C5FAFFD2EB160AD00815332 /* CarbItemsSPM */; };
		9C78AC5C2EA66CF200FB5BE8 /* DesignSystem in Frameworks */ = {isa = PBXBuildFile; productRef = 9C78AC5B2EA66CF200FB5BE8 /* DesignSystem */; };
		9CB031BD2EBC9B3C0086D6C6 /* NavigationKit in Frameworks */ = {isa = PBXBuildFile; productRef = 9CB031BC2EBC9B3C0086D6C6 /* NavigationKit */; };
		9CB72A922EBDEF8000014FA1 /* RaceNutritionSPM in Frameworks */ = {isa = PBXBuildFile; productRef = 9CB72A912EBDEF8000014FA1 /* RaceNutritionSPM */; };
		9CBAB1D32EC66F9400DF800C /* TestPlan.xctestplan in Resources */ = {isa = PBXBuildFile; fileRef = 9CBAB1D22EC66F9400DF800C /* TestPlan.xctestplan */; };
		9CF7F49A2EAA7A1200085B77 /* TriGuideDomain in Frameworks */ = {isa = PBXBuildFile; productRef = 9CF7F4992EAA7A1200085B77 /* TriGuideDomain */; };
		9CF7F49D2EAAA9C500085B77 /* RaceCalculatorSPM in Frameworks */ = {isa = PBXBuildFile; productRef = 9CF7F49C2EAAA9C500085B77 /* RaceCalculatorSPM */; };
		9DA11E142F01000100A1B2C3 /* AthleteProfile in Frameworks */ = {isa = PBXBuildFile; productRef = 9DA11E122F01000100A1B2C3 /* AthleteProfile */; };
/* End PBXBuildFile section */

/* Begin PBXContainerItemProxy section */
		9CB979A82E141ACA001CBBD8 /* PBXContainerItemProxy */ = {
			isa = PBXContainerItemProxy;
			containerPortal = 9CB9798F2E141AC9001CBBD8 /* Project object */;
			proxyType = 1;
			remoteGlobalIDString = 9CB979962E141AC9001CBBD8;
			remoteInfo = TriGuide;
		};
		9CB979B22E141ACA001CBBD8 /* PBXContainerItemProxy */ = {
			isa = PBXContainerItemProxy;
			containerPortal = 9CB9798F2E141AC9001CBBD8 /* Project object */;
			proxyType = 1;
			remoteGlobalIDString = 9CB979962E141AC9001CBBD8;
			remoteInfo = TriGuide;
		};
/* End PBXContainerItemProxy section */

/* Begin PBXFileReference section */
		9CB979972E141AC9001CBBD8 /* TriGuide.app */ = {isa = PBXFileReference; explicitFileType = wrapper.application; includeInIndex = 0; path = TriGuide.app; sourceTree = BUILT_PRODUCTS_DIR; };
		9CB979A72E141ACA001CBBD8 /* TriGuideTests.xctest */ = {isa = PBXFileReference; explicitFileType = wrapper.cfbundle; includeInIndex = 0; path = TriGuideTests.xctest; sourceTree = BUILT_PRODUCTS_DIR; };
		9CB979B12E141ACA001CBBD8 /* TriGuideUITests.xctest */ = {isa = PBXFileReference; explicitFileType = wrapper.cfbundle; includeInIndex = 0; path = TriGuideUITests.xctest; sourceTree = BUILT_PRODUCTS_DIR; };
		9CBAB1D22EC66F9400DF800C /* TestPlan.xctestplan */ = {isa = PBXFileReference; lastKnownFileType = text; name = TestPlan.xctestplan; path = TriGuideTests/TestPlan.xctestplan; sourceTree = "<group>"; };
/* End PBXFileReference section */

/* Begin PBXFileSystemSynchronizedBuildFileExceptionSet section */
		9C4D1E652EA6221B000744ED /* Exceptions for "TriGuide" folder in "TriGuide" target */ = {
			isa = PBXFileSystemSynchronizedBuildFileExceptionSet;
			membershipExceptions = (
				Common/FormKit,
				Common/Localization,
				Common/NavigationKit,
				Common/StorageKit,
				Common/TriGuideDomain,
				Features/AthleteProfile/AthleteProfile,
				Features/RaceCalculator/RaceCalculatorSPM,
				Features/RaceNutrtition/RaceNutritionSPM,
			);
			target = 9CB979962E141AC9001CBBD8 /* TriGuide */;
		};
/* End PBXFileSystemSynchronizedBuildFileExceptionSet section */

/* Begin PBXFileSystemSynchronizedRootGroup section */
		9CB979992E141AC9001CBBD8 /* TriGuide */ = {
			isa = PBXFileSystemSynchronizedRootGroup;
			exceptions = (
				9C4D1E652EA6221B000744ED /* Exceptions for "TriGuide" folder in "TriGuide" target */,
			);
			path = TriGuide;
			sourceTree = "<group>";
		};
		9CB979AA2E141ACA001CBBD8 /* TriGuideTests */ = {
			isa = PBXFileSystemSynchronizedRootGroup;
			path = TriGuideTests;
			sourceTree = "<group>";
		};
		9CB979B42E141ACA001CBBD8 /* TriGuideUITests */ = {
			isa = PBXFileSystemSynchronizedRootGroup;
			path = TriGuideUITests;
			sourceTree = "<group>";
		};
/* End PBXFileSystemSynchronizedRootGroup section */

/* Begin PBXFrameworksBuildPhase section */
		9CB979942E141AC9001CBBD8 /* Frameworks */ = {
			isa = PBXFrameworksBuildPhase;
			buildActionMask = 2147483647;
			files = (
				9DA11E142F01000100A1B2C3 /* AthleteProfile in Frameworks */,
				9C4D1E682EA625B1000744ED /* Localization in Frameworks */,
				9C78AC5C2EA66CF200FB5BE8 /* DesignSystem in Frameworks */,
				9CB031BD2EBC9B3C0086D6C6 /* NavigationKit in Frameworks */,
				9CF7F49D2EAAA9C500085B77 /* RaceCalculatorSPM in Frameworks */,
				9C5D3D172EB8A28200E55E2E /* FormKit in Frameworks */,
				9C5FAFFE2EB160AD00815332 /* CarbItemsSPM in Frameworks */,
				9CF7F49A2EAA7A1200085B77 /* TriGuideDomain in Frameworks */,
				9CB72A922EBDEF8000014FA1 /* RaceNutritionSPM in Frameworks */,
			);
			runOnlyForDeploymentPostprocessing = 0;
		};
		9CB979A42E141ACA001CBBD8 /* Frameworks */ = {
			isa = PBXFrameworksBuildPhase;
			buildActionMask = 2147483647;
			files = (
			);
			runOnlyForDeploymentPostprocessing = 0;
		};
		9CB979AE2E141ACA001CBBD8 /* Frameworks */ = {
			isa = PBXFrameworksBuildPhase;
			buildActionMask = 2147483647;
			files = (
			);
			runOnlyForDeploymentPostprocessing = 0;
		};
/* End PBXFrameworksBuildPhase section */

/* Begin PBXGroup section */
		9CB9798E2E141AC9001CBBD8 = {
			isa = PBXGroup;
			children = (
				9CBAB1D22EC66F9400DF800C /* TestPlan.xctestplan */,
				9CB979992E141AC9001CBBD8 /* TriGuide */,
				9CB979AA2E141ACA001CBBD8 /* TriGuideTests */,
				9CB979B42E141ACA001CBBD8 /* TriGuideUITests */,
				9CB979982E141AC9001CBBD8 /* Products */,
			);
			sourceTree = "<group>";
		};
		9CB979982E141AC9001CBBD8 /* Products */ = {
			isa = PBXGroup;
			children = (
				9CB979972E141AC9001CBBD8 /* TriGuide.app */,
				9CB979A72E141ACA001CBBD8 /* TriGuideTests.xctest */,
				9CB979B12E141ACA001CBBD8 /* TriGuideUITests.xctest */,
			);
			name = Products;
			sourceTree = "<group>";
		};
/* End PBXGroup section */

/* Begin PBXNativeTarget section */
		9CB979962E141AC9001CBBD8 /* TriGuide */ = {
			isa = PBXNativeTarget;
			buildConfigurationList = 9CB979BB2E141ACA001CBBD8 /* Build configuration list for PBXNativeTarget "TriGuide" */;
			buildPhases = (
				9CB979932E141AC9001CBBD8 /* Sources */,
				9CB979942E141AC9001CBBD8 /* Frameworks */,
				9CB979952E141AC9001CBBD8 /* Resources */,
			);
			buildRules = (
			);
			dependencies = (
			);
			fileSystemSynchronizedGroups = (
				9CB979992E141AC9001CBBD8 /* TriGuide */,
			);
			name = TriGuide;
			packageProductDependencies = (
				9DA11E122F01000100A1B2C3 /* AthleteProfile */,
				9C4D1E672EA625B1000744ED /* Localization */,
				9C78AC5B2EA66CF200FB5BE8 /* DesignSystem */,
				9CF7F4992EAA7A1200085B77 /* TriGuideDomain */,
				9CF7F49C2EAAA9C500085B77 /* RaceCalculatorSPM */,
				9C5FAFFD2EB160AD00815332 /* CarbItemsSPM */,
				9C5D3D162EB8A28200E55E2E /* FormKit */,
				9CB031BC2EBC9B3C0086D6C6 /* NavigationKit */,
				9CB72A912EBDEF8000014FA1 /* RaceNutritionSPM */,
			);
			productName = TriGuide;
			productReference = 9CB979972E141AC9001CBBD8 /* TriGuide.app */;
			productType = "com.apple.product-type.application";
		};
		9CB979A62E141ACA001CBBD8 /* TriGuideTests */ = {
			isa = PBXNativeTarget;
			buildConfigurationList = 9CB979BE2E141ACA001CBBD8 /* Build configuration list for PBXNativeTarget "TriGuideTests" */;
			buildPhases = (
				9CB979A32E141ACA001CBBD8 /* Sources */,
				9CB979A42E141ACA001CBBD8 /* Frameworks */,
				9CB979A52E141ACA001CBBD8 /* Resources */,
			);
			buildRules = (
			);
			dependencies = (
				9CB979A92E141ACA001CBBD8 /* PBXTargetDependency */,
			);
			fileSystemSynchronizedGroups = (
				9CB979AA2E141ACA001CBBD8 /* TriGuideTests */,
			);
			name = TriGuideTests;
			packageProductDependencies = (
			);
			productName = TriGuideTests;
			productReference = 9CB979A72E141ACA001CBBD8 /* TriGuideTests.xctest */;
			productType = "com.apple.product-type.bundle.unit-test";
		};
		9CB979B02E141ACA001CBBD8 /* TriGuideUITests */ = {
			isa = PBXNativeTarget;
			buildConfigurationList = 9CB979C12E141ACA001CBBD8 /* Build configuration list for PBXNativeTarget "TriGuideUITests" */;
			buildPhases = (
				9CB979AD2E141ACA001CBBD8 /* Sources */,
				9CB979AE2E141ACA001CBBD8 /* Frameworks */,
				9CB979AF2E141ACA001CBBD8 /* Resources */,
			);
			buildRules = (
			);
			dependencies = (
				9CB979B32E141ACA001CBBD8 /* PBXTargetDependency */,
			);
			fileSystemSynchronizedGroups = (
				9CB979B42E141ACA001CBBD8 /* TriGuideUITests */,
			);
			name = TriGuideUITests;
			packageProductDependencies = (
			);
			productName = TriGuideUITests;
			productReference = 9CB979B12E141ACA001CBBD8 /* TriGuideUITests.xctest */;
			productType = "com.apple.product-type.bundle.ui-testing";
		};
/* End PBXNativeTarget section */

/* Begin PBXProject section */
		9CB9798F2E141AC9001CBBD8 /* Project object */ = {
			isa = PBXProject;
			attributes = {
				BuildIndependentTargetsInParallel = 1;
				LastSwiftUpdateCheck = 1620;
				LastUpgradeCheck = 1620;
				TargetAttributes = {
					9CB979962E141AC9001CBBD8 = {
						CreatedOnToolsVersion = 16.2;
					};
					9CB979A62E141ACA001CBBD8 = {
						CreatedOnToolsVersion = 16.2;
						TestTargetID = 9CB979962E141AC9001CBBD8;
					};
					9CB979B02E141ACA001CBBD8 = {
						CreatedOnToolsVersion = 16.2;
						TestTargetID = 9CB979962E141AC9001CBBD8;
					};
				};
			};
			buildConfigurationList = 9CB979922E141AC9001CBBD8 /* Build configuration list for PBXProject "TriGuide" */;
			developmentRegion = en;
			hasScannedForEncodings = 0;
			knownRegions = (
				en,
				Base,
				es,
				ca,
			);
			mainGroup = 9CB9798E2E141AC9001CBBD8;
			minimizedProjectReferenceProxies = 1;
			packageReferences = (
				9DA11E132F01000100A1B2C3 /* XCLocalSwiftPackageReference "TriGuide/Features/AthleteProfile/AthleteProfile" */,
				9C4D1E662EA625B1000744ED /* XCLocalSwiftPackageReference "TriGuide/Common/Localization" */,
				9C78AC5A2EA66CF200FB5BE8 /* XCLocalSwiftPackageReference "TriGuide/Common/DesignSystem" */,
				9CF7F4982EAA7A1200085B77 /* XCLocalSwiftPackageReference "TriGuide/Common/TriGuideDomain" */,
				9CF7F49B2EAAA9C500085B77 /* XCLocalSwiftPackageReference "TriGuide/Features/RaceCalculator/RaceCalculatorSPM" */,
				9C5FAFFC2EB160AD00815332 /* XCLocalSwiftPackageReference "TriGuide/Features/CarbItems/CarbItemsSPM" */,
				9C5D3D152EB8A28200E55E2E /* XCLocalSwiftPackageReference "TriGuide/Common/FormKit" */,
				9CB031BB2EBC9B3C0086D6C6 /* XCLocalSwiftPackageReference "TriGuide/Common/NavigationKit" */,
				9CB72A902EBDEF8000014FA1 /* XCLocalSwiftPackageReference "TriGuide/Features/RaceNutrtition/RaceNutritionSPM" */,
			);
			preferredProjectObjectVersion = 77;
			productRefGroup = 9CB979982E141AC9001CBBD8 /* Products */;
			projectDirPath = "";
			projectRoot = "";
			targets = (
				9CB979962E141AC9001CBBD8 /* TriGuide */,
				9CB979A62E141ACA001CBBD8 /* TriGuideTests */,
				9CB979B02E141ACA001CBBD8 /* TriGuideUITests */,
			);
		};
/* End PBXProject section */

/* Begin PBXResourcesBuildPhase section */
		9CB979952E141AC9001CBBD8 /* Resources */ = {
			isa = PBXResourcesBuildPhase;
			buildActionMask = 2147483647;
			files = (
				9CBAB1D32EC66F9400DF800C /* TestPlan.xctestplan in Resources */,
			);
			runOnlyForDeploymentPostprocessing = 0;
		};
		9CB979A52E141ACA001CBBD8 /* Resources */ = {
			isa = PBXResourcesBuildPhase;
			buildActionMask = 2147483647;
			files = (
			);
			runOnlyForDeploymentPostprocessing = 0;
		};
		9CB979AF2E141ACA001CBBD8 /* Resources */ = {
			isa = PBXResourcesBuildPhase;
			buildActionMask = 2147483647;
			files = (
			);
			runOnlyForDeploymentPostprocessing = 0;
		};
/* End PBXResourcesBuildPhase section */

/* Begin PBXSourcesBuildPhase section */
		9CB979932E141AC9001CBBD8 /* Sources */ = {
			isa = PBXSourcesBuildPhase;
			buildActionMask = 2147483647;
			files = (
			);
			runOnlyForDeploymentPostprocessing = 0;
		};
		9CB979A32E141ACA001CBBD8 /* Sources */ = {
			isa = PBXSourcesBuildPhase;
			buildActionMask = 2147483647;
			files = (
			);
			runOnlyForDeploymentPostprocessing = 0;
		};
		9CB979AD2E141ACA001CBBD8 /* Sources */ = {
			isa = PBXSourcesBuildPhase;
			buildActionMask = 2147483647;
			files = (
			);
			runOnlyForDeploymentPostprocessing = 0;
		};
/* End PBXSourcesBuildPhase section */

/* Begin PBXTargetDependency section */
		9CB979A92E141ACA001CBBD8 /* PBXTargetDependency */ = {
			isa = PBXTargetDependency;
			target = 9CB979962E141AC9001CBBD8 /* TriGuide */;
			targetProxy = 9CB979A82E141ACA001CBBD8 /* PBXContainerItemProxy */;
		};
		9CB979B32E141ACA001CBBD8 /* PBXTargetDependency */ = {
			isa = PBXTargetDependency;
			target = 9CB979962E141AC9001CBBD8 /* TriGuide */;
			targetProxy = 9CB979B22E141ACA001CBBD8 /* PBXContainerItemProxy */;
		};
/* End PBXTargetDependency section */

/* Begin XCBuildConfiguration section */
		9CB979B92E141ACA001CBBD8 /* Debug */ = {
			isa = XCBuildConfiguration;
			buildSettings = {
				ALWAYS_SEARCH_USER_PATHS = NO;
				ASSETCATALOG_COMPILER_GENERATE_SWIFT_ASSET_SYMBOL_EXTENSIONS = YES;
				CLANG_ANALYZER_NONNULL = YES;
				CLANG_ANALYZER_NUMBER_OBJECT_CONVERSION = YES_AGGRESSIVE;
				CLANG_CXX_LANGUAGE_STANDARD = "gnu++20";
				CLANG_ENABLE_MODULES = YES;
				CLANG_ENABLE_OBJC_ARC = YES;
				CLANG_ENABLE_OBJC_WEAK = YES;
				CLANG_WARN_BLOCK_CAPTURE_AUTORELEASING = YES;
				CLANG_WARN_BOOL_CONVERSION = YES;
				CLANG_WARN_COMMA = YES;
				CLANG_WARN_CONSTANT_CONVERSION = YES;
				CLANG_WARN_DEPRECATED_OBJC_IMPLEMENTATIONS = YES;
				CLANG_WARN_DIRECT_OBJC_ISA_USAGE = YES_ERROR;
				CLANG_WARN_DOCUMENTATION_COMMENTS = YES;
				CLANG_WARN_EMPTY_BODY = YES;
				CLANG_WARN_ENUM_CONVERSION = YES;
				CLANG_WARN_INFINITE_RECURSION = YES;
				CLANG_WARN_INT_CONVERSION = YES;
				CLANG_WARN_NON_LITERAL_NULL_CONVERSION = YES;
				CLANG_WARN_OBJC_IMPLICIT_RETAIN_SELF = YES;
				CLANG_WARN_OBJC_LITERAL_CONVERSION = YES;
				CLANG_WARN_OBJC_ROOT_CLASS = YES_ERROR;
				CLANG_WARN_QUOTED_INCLUDE_IN_FRAMEWORK_HEADER = YES;
				CLANG_WARN_RANGE_LOOP_ANALYSIS = YES;
				CLANG_WARN_STRICT_PROTOTYPES = YES;
				CLANG_WARN_SUSPICIOUS_MOVE = YES;
				CLANG_WARN_UNGUARDED_AVAILABILITY = YES_AGGRESSIVE;
				CLANG_WARN_UNREACHABLE_CODE = YES;
				CLANG_WARN__DUPLICATE_METHOD_MATCH = YES;
				COPY_PHASE_STRIP = NO;
				DEBUG_INFORMATION_FORMAT = dwarf;
				ENABLE_STRICT_OBJC_MSGSEND = YES;
				ENABLE_TESTABILITY = YES;
				ENABLE_USER_SCRIPT_SANDBOXING = YES;
				GCC_C_LANGUAGE_STANDARD = gnu17;
				GCC_DYNAMIC_NO_PIC = NO;
				GCC_NO_COMMON_BLOCKS = YES;
				GCC_OPTIMIZATION_LEVEL = 0;
				GCC_PREPROCESSOR_DEFINITIONS = (
					"DEBUG=1",
					"$(inherited)",
				);
				GCC_WARN_64_TO_32_BIT_CONVERSION = YES;
				GCC_WARN_ABOUT_RETURN_TYPE = YES_ERROR;
				GCC_WARN_UNDECLARED_SELECTOR = YES;
				GCC_WARN_UNINITIALIZED_AUTOS = YES_AGGRESSIVE;
				GCC_WARN_UNUSED_FUNCTION = YES;
				GCC_WARN_UNUSED_VARIABLE = YES;
				IPHONEOS_DEPLOYMENT_TARGET = 18.2;
				LOCALIZATION_PREFERS_STRING_CATALOGS = YES;
				MTL_ENABLE_DEBUG_INFO = INCLUDE_SOURCE;
				MTL_FAST_MATH = YES;
				ONLY_ACTIVE_ARCH = YES;
				SDKROOT = iphoneos;
				SWIFT_ACTIVE_COMPILATION_CONDITIONS = "DEBUG $(inherited)";
				SWIFT_EMIT_LOC_STRINGS = YES;
				SWIFT_OPTIMIZATION_LEVEL = "-Onone";
			};
			name = Debug;
		};
		9CB979BA2E141ACA001CBBD8 /* Release */ = {
			isa = XCBuildConfiguration;
			buildSettings = {
				ALWAYS_SEARCH_USER_PATHS = NO;
				ASSETCATALOG_COMPILER_GENERATE_SWIFT_ASSET_SYMBOL_EXTENSIONS = YES;
				CLANG_ANALYZER_NONNULL = YES;
				CLANG_ANALYZER_NUMBER_OBJECT_CONVERSION = YES_AGGRESSIVE;
				CLANG_CXX_LANGUAGE_STANDARD = "gnu++20";
				CLANG_ENABLE_MODULES = YES;
				CLANG_ENABLE_OBJC_ARC = YES;
				CLANG_ENABLE_OBJC_WEAK = YES;
				CLANG_WARN_BLOCK_CAPTURE_AUTORELEASING = YES;
				CLANG_WARN_BOOL_CONVERSION = YES;
				CLANG_WARN_COMMA = YES;
				CLANG_WARN_CONSTANT_CONVERSION = YES;
				CLANG_WARN_DEPRECATED_OBJC_IMPLEMENTATIONS = YES;
				CLANG_WARN_DIRECT_OBJC_ISA_USAGE = YES_ERROR;
				CLANG_WARN_DOCUMENTATION_COMMENTS = YES;
				CLANG_WARN_EMPTY_BODY = YES;
				CLANG_WARN_ENUM_CONVERSION = YES;
				CLANG_WARN_INFINITE_RECURSION = YES;
				CLANG_WARN_INT_CONVERSION = YES;
				CLANG_WARN_NON_LITERAL_NULL_CONVERSION = YES;
				CLANG_WARN_OBJC_IMPLICIT_RETAIN_SELF = YES;
				CLANG_WARN_OBJC_LITERAL_CONVERSION = YES;
				CLANG_WARN_OBJC_ROOT_CLASS = YES_ERROR;
				CLANG_WARN_QUOTED_INCLUDE_IN_FRAMEWORK_HEADER = YES;
				CLANG_WARN_RANGE_LOOP_ANALYSIS = YES;
				CLANG_WARN_STRICT_PROTOTYPES = YES;
				CLANG_WARN_SUSPICIOUS_MOVE = YES;
				CLANG_WARN_UNGUARDED_AVAILABILITY = YES_AGGRESSIVE;
				CLANG_WARN_UNREACHABLE_CODE = YES;
				CLANG_WARN__DUPLICATE_METHOD_MATCH = YES;
				COPY_PHASE_STRIP = NO;
				DEBUG_INFORMATION_FORMAT = "dwarf-with-dsym";
				ENABLE_NS_ASSERTIONS = NO;
				ENABLE_STRICT_OBJC_MSGSEND = YES;
				ENABLE_USER_SCRIPT_SANDBOXING = YES;
				GCC_C_LANGUAGE_STANDARD = gnu17;
				GCC_NO_COMMON_BLOCKS = YES;
				GCC_WARN_64_TO_32_BIT_CONVERSION = YES;
				GCC_WARN_ABOUT_RETURN_TYPE = YES_ERROR;
				GCC_WARN_UNDECLARED_SELECTOR = YES;
				GCC_WARN_UNINITIALIZED_AUTOS = YES_AGGRESSIVE;
				GCC_WARN_UNUSED_FUNCTION = YES;
				GCC_WARN_UNUSED_VARIABLE = YES;
				IPHONEOS_DEPLOYMENT_TARGET = 18.2;
				LOCALIZATION_PREFERS_STRING_CATALOGS = YES;
				MTL_ENABLE_DEBUG_INFO = NO;
				MTL_FAST_MATH = YES;
				SDKROOT = iphoneos;
				SWIFT_COMPILATION_MODE = wholemodule;
				SWIFT_EMIT_LOC_STRINGS = YES;
				VALIDATE_PRODUCT = YES;
			};
			name = Release;
		};
		9CB979BC2E141ACA001CBBD8 /* Debug */ = {
			isa = XCBuildConfiguration;
			buildSettings = {
				ASSETCATALOG_COMPILER_APPICON_NAME = AppIcon;
				ASSETCATALOG_COMPILER_GLOBAL_ACCENT_COLOR_NAME = AccentColor;
				CODE_SIGN_STYLE = Automatic;
				CURRENT_PROJECT_VERSION = 1;
				DEVELOPMENT_ASSET_PATHS = "\"TriGuide/Preview Content\"";
				DEVELOPMENT_TEAM = 68L8H5T6JR;
				ENABLE_PREVIEWS = YES;
				GENERATE_INFOPLIST_FILE = YES;
				INFOPLIST_KEY_UIApplicationSceneManifest_Generation = YES;
				INFOPLIST_KEY_UIApplicationSupportsIndirectInputEvents = YES;
				INFOPLIST_KEY_UILaunchScreen_Generation = YES;
				INFOPLIST_KEY_UISupportedInterfaceOrientations_iPad = "UIInterfaceOrientationPortrait UIInterfaceOrientationPortraitUpsideDown UIInterfaceOrientationLandscapeLeft UIInterfaceOrientationLandscapeRight";
				INFOPLIST_KEY_UISupportedInterfaceOrientations_iPhone = "UIInterfaceOrientationPortrait UIInterfaceOrientationLandscapeLeft UIInterfaceOrientationLandscapeRight";
				LD_RUNPATH_SEARCH_PATHS = (
					"$(inherited)",
					"@executable_path/Frameworks",
				);
				MARKETING_VERSION = 1.0;
				PRODUCT_BUNDLE_IDENTIFIER = com.iliasasskali.TriGuide;
				PRODUCT_NAME = "$(TARGET_NAME)";
				SWIFT_EMIT_LOC_STRINGS = YES;
				SWIFT_VERSION = 5.0;
				TARGETED_DEVICE_FAMILY = "1,2";
			};
			name = Debug;
		};
		9CB979BD2E141ACA001CBBD8 /* Release */ = {
			isa = XCBuildConfiguration;
			buildSettings = {
				ASSETCATALOG_COMPILER_APPICON_NAME = AppIcon;
				ASSETCATALOG_COMPILER_GLOBAL_ACCENT_COLOR_NAME = AccentColor;
				CODE_SIGN_STYLE = Automatic;
				CURRENT_PROJECT_VERSION = 1;
				DEVELOPMENT_ASSET_PATHS = "\"TriGuide/Preview Content\"";
				DEVELOPMENT_TEAM = 68L8H5T6JR;
				ENABLE_PREVIEWS = YES;
				GENERATE_INFOPLIST_FILE = YES;
				INFOPLIST_KEY_UIApplicationSceneManifest_Generation = YES;
				INFOPLIST_KEY_UIApplicationSupportsIndirectInputEvents = YES;
				INFOPLIST_KEY_UILaunchScreen_Generation = YES;
				INFOPLIST_KEY_UISupportedInterfaceOrientations_iPad = "UIInterfaceOrientationPortrait UIInterfaceOrientationPortraitUpsideDown UIInterfaceOrientationLandscapeLeft UIInterfaceOrientationLandscapeRight";
				INFOPLIST_KEY_UISupportedInterfaceOrientations_iPhone = "UIInterfaceOrientationPortrait UIInterfaceOrientationLandscapeLeft UIInterfaceOrientationLandscapeRight";
				LD_RUNPATH_SEARCH_PATHS = (
					"$(inherited)",
					"@executable_path/Frameworks",
				);
				MARKETING_VERSION = 1.0;
				PRODUCT_BUNDLE_IDENTIFIER = com.iliasasskali.TriGuide;
				PRODUCT_NAME = "$(TARGET_NAME)";
				SWIFT_EMIT_LOC_STRINGS = YES;
				SWIFT_VERSION = 5.0;
				TARGETED_DEVICE_FAMILY = "1,2";
			};
			name = Release;
		};
		9CB979BF2E141ACA001CBBD8 /* Debug */ = {
			isa = XCBuildConfiguration;
			buildSettings = {
				BUNDLE_LOADER = "$(TEST_HOST)";
				CODE_SIGN_STYLE = Automatic;
				CURRENT_PROJECT_VERSION = 1;
				DEVELOPMENT_TEAM = 366ZQ9S5R6;
				GENERATE_INFOPLIST_FILE = YES;
				IPHONEOS_DEPLOYMENT_TARGET = 18.2;
				MARKETING_VERSION = 1.0;
				PRODUCT_BUNDLE_IDENTIFIER = com.iliasasskali.TriGuideTests;
				PRODUCT_NAME = "$(TARGET_NAME)";
				SWIFT_EMIT_LOC_STRINGS = NO;
				SWIFT_VERSION = 5.0;
				TARGETED_DEVICE_FAMILY = "1,2";
				TEST_HOST = "$(BUILT_PRODUCTS_DIR)/TriGuide.app/$(BUNDLE_EXECUTABLE_FOLDER_PATH)/TriGuide";
			};
			name = Debug;
		};
		9CB979C02E141ACA001CBBD8 /* Release */ = {
			isa = XCBuildConfiguration;
			buildSettings = {
				BUNDLE_LOADER = "$(TEST_HOST)";
				CODE_SIGN_STYLE = Automatic;
				CURRENT_PROJECT_VERSION = 1;
				DEVELOPMENT_TEAM = 366ZQ9S5R6;
				GENERATE_INFOPLIST_FILE = YES;
				IPHONEOS_DEPLOYMENT_TARGET = 18.2;
				MARKETING_VERSION = 1.0;
				PRODUCT_BUNDLE_IDENTIFIER = com.iliasasskali.TriGuideTests;
				PRODUCT_NAME = "$(TARGET_NAME)";
				SWIFT_EMIT_LOC_STRINGS = NO;
				SWIFT_VERSION = 5.0;
				TARGETED_DEVICE_FAMILY = "1,2";
				TEST_HOST = "$(BUILT_PRODUCTS_DIR)/TriGuide.app/$(BUNDLE_EXECUTABLE_FOLDER_PATH)/TriGuide";
			};
			name = Release;
		};
		9CB979C22E141ACA001CBBD8 /* Debug */ = {
			isa = XCBuildConfiguration;
			buildSettings = {
				CODE_SIGN_STYLE = Automatic;
				CURRENT_PROJECT_VERSION = 1;
				DEVELOPMENT_TEAM = 366ZQ9S5R6;
				GENERATE_INFOPLIST_FILE = YES;
				MARKETING_VERSION = 1.0;
				PRODUCT_BUNDLE_IDENTIFIER = com.iliasasskali.TriGuideUITests;
				PRODUCT_NAME = "$(TARGET_NAME)";
				SWIFT_EMIT_LOC_STRINGS = NO;
				SWIFT_VERSION = 5.0;
				TARGETED_DEVICE_FAMILY = "1,2";
				TEST_TARGET_NAME = TriGuide;
			};
			name = Debug;
		};
		9CB979C32E141ACA001CBBD8 /* Release */ = {
			isa = XCBuildConfiguration;
			buildSettings = {
				CODE_SIGN_STYLE = Automatic;
				CURRENT_PROJECT_VERSION = 1;
				DEVELOPMENT_TEAM = 366ZQ9S5R6;
				GENERATE_INFOPLIST_FILE = YES;
				MARKETING_VERSION = 1.0;
				PRODUCT_BUNDLE_IDENTIFIER = com.iliasasskali.TriGuideUITests;
				PRODUCT_NAME = "$(TARGET_NAME)";
				SWIFT_EMIT_LOC_STRINGS = NO;
				SWIFT_VERSION = 5.0;
				TARGETED_DEVICE_FAMILY = "1,2";
				TEST_TARGET_NAME = TriGuide;
			};
			name = Release;
		};
/* End XCBuildConfiguration section */

/* Begin XCConfigurationList section */
		9CB979922E141AC9001CBBD8 /* Build configuration list for PBXProject "TriGuide" */ = {
			isa = XCConfigurationList;
			buildConfigurations = (
				9CB979B92E141ACA001CBBD8 /* Debug */,
				9CB979BA2E141ACA001CBBD8 /* Release */,
			);
			defaultConfigurationIsVisible = 0;
			defaultConfigurationName = Release;
		};
		9CB979BB2E141ACA001CBBD8 /* Build configuration list for PBXNativeTarget "TriGuide" */ = {
			isa = XCConfigurationList;
			buildConfigurations = (
				9CB979BC2E141ACA001CBBD8 /* Debug */,
				9CB979BD2E141ACA001CBBD8 /* Release */,
			);
			defaultConfigurationIsVisible = 0;
			defaultConfigurationName = Release;
		};
		9CB979BE2E141ACA001CBBD8 /* Build configuration list for PBXNativeTarget "TriGuideTests" */ = {
			isa = XCConfigurationList;
			buildConfigurations = (
				9CB979BF2E141ACA001CBBD8 /* Debug */,
				9CB979C02E141ACA001CBBD8 /* Release */,
			);
			defaultConfigurationIsVisible = 0;
			defaultConfigurationName = Release;
		};
		9CB979C12E141ACA001CBBD8 /* Build configuration list for PBXNativeTarget "TriGuideUITests" */ = {
			isa = XCConfigurationList;
			buildConfigurations = (
				9CB979C22E141ACA001CBBD8 /* Debug */,
				9CB979C32E141ACA001CBBD8 /* Release */,
			);
			defaultConfigurationIsVisible = 0;
			defaultConfigurationName = Release;
		};
/* End XCConfigurationList section */

/* Begin XCLocalSwiftPackageReference section */
		9C4D1E662EA625B1000744ED /* XCLocalSwiftPackageReference "TriGuide/Common/Localization" */ = {
			isa = XCLocalSwiftPackageReference;
			relativePath = TriGuide/Common/Localization;
		};
		9C5D3D152EB8A28200E55E2E /* XCLocalSwiftPackageReference "TriGuide/Common/FormKit" */ = {
			isa = XCLocalSwiftPackageReference;
			relativePath = TriGuide/Common/FormKit;
		};
		9C5FAFFC2EB160AD00815332 /* XCLocalSwiftPackageReference "TriGuide/Features/CarbItems/CarbItemsSPM" */ = {
			isa = XCLocalSwiftPackageReference;
			relativePath = TriGuide/Features/CarbItems/CarbItemsSPM;
		};
		9C78AC5A2EA66CF200FB5BE8 /* XCLocalSwiftPackageReference "TriGuide/Common/DesignSystem" */ = {
			isa = XCLocalSwiftPackageReference;
			relativePath = TriGuide/Common/DesignSystem;
		};
		9CB031BB2EBC9B3C0086D6C6 /* XCLocalSwiftPackageReference "TriGuide/Common/NavigationKit" */ = {
			isa = XCLocalSwiftPackageReference;
			relativePath = TriGuide/Common/NavigationKit;
		};
		9CB72A902EBDEF8000014FA1 /* XCLocalSwiftPackageReference "TriGuide/Features/RaceNutrtition/RaceNutritionSPM" */ = {
			isa = XCLocalSwiftPackageReference;
			relativePath = TriGuide/Features/RaceNutrtition/RaceNutritionSPM;
		};
		9CF7F4982EAA7A1200085B77 /* XCLocalSwiftPackageReference "TriGuide/Common/TriGuideDomain" */ = {
			isa = XCLocalSwiftPackageReference;
			relativePath = TriGuide/Common/TriGuideDomain;
		};
		9CF7F49B2EAAA9C500085B77 /* XCLocalSwiftPackageReference "TriGuide/Features/RaceCalculator/RaceCalculatorSPM" */ = {
			isa = XCLocalSwiftPackageReference;
			relativePath = TriGuide/Features/RaceCalculator/RaceCalculatorSPM;
		};
		9DA11E132F01000100A1B2C3 /* XCLocalSwiftPackageReference "TriGuide/Features/AthleteProfile/AthleteProfile" */ = {
			isa = XCLocalSwiftPackageReference;
			relativePath = TriGuide/Features/AthleteProfile/AthleteProfile;
		};
/* End XCLocalSwiftPackageReference section */

/* Begin XCSwiftPackageProductDependency section */
		9C4D1E672EA625B1000744ED /* Localization */ = {
			isa = XCSwiftPackageProductDependency;
			productName = Localization;
		};
		9C5D3D162EB8A28200E55E2E /* FormKit */ = {
			isa = XCSwiftPackageProductDependency;
			productName = FormKit;
		};
		9C5FAFFD2EB160AD00815332 /* CarbItemsSPM */ = {
			isa = XCSwiftPackageProductDependency;
			productName = CarbItemsSPM;
		};
		9C78AC5B2EA66CF200FB5BE8 /* DesignSystem */ = {
			isa = XCSwiftPackageProductDependency;
			productName = DesignSystem;
		};
		9CB031BC2EBC9B3C0086D6C6 /* NavigationKit */ = {
			isa = XCSwiftPackageProductDependency;
			productName = NavigationKit;
		};
		9CB72A912EBDEF8000014FA1 /* RaceNutritionSPM */ = {
			isa = XCSwiftPackageProductDependency;
			productName = RaceNutritionSPM;
		};
		9CF7F4992EAA7A1200085B77 /* TriGuideDomain */ = {
			isa = XCSwiftPackageProductDependency;
			productName = TriGuideDomain;
		};
		9CF7F49C2EAAA9C500085B77 /* RaceCalculatorSPM */ = {
			isa = XCSwiftPackageProductDependency;
			productName = RaceCalculatorSPM;
		};
		9DA11E122F01000100A1B2C3 /* AthleteProfile */ = {
			isa = XCSwiftPackageProductDependency;
			productName = AthleteProfile;
		};
/* End XCSwiftPackageProductDependency section */
	};
	rootObject = 9CB9798F2E141AC9001CBBD8 /* Project object */;
}
